<?xml version="1.0" encoding="UTF-8" standalone="yes" ?>
<CodeBlocks_project_file>
	<FileVersion major="1" minor="6" />
	<Project>
		<Option title="ProjetoEDCODEBLOCKS" />
		<Option pch_mode="2" />
		<Option compiler="gcc" />
		<Build>
			<Target title="Debug">
				<Option output="bin/Debug/ProjetoEDCODEBLOCKS" prefix_auto="1" extension_auto="1" />
				<Option object_output="obj/Debug/" />
				<Option type="1" />
				<Option compiler="gcc" />
				<Compiler>
					<Add option="-g" />
				</Compiler>
			</Target>
			<Target title="Release">
				<Option output="bin/Release/ProjetoEDCODEBLOCKS" prefix_auto="1" extension_auto="1" />
				<Option object_output="obj/Release/" />
				<Option type="1" />
				<Option compiler="gcc" />
				<Compiler>
					<Add option="-O2" />
				</Compiler>
				<Linker>
					<Add option="-s" />
				</Linker>
			</Target>
		</Build>
		<Compiler>
			<Add option="-Wall" />
		</Compiler>
		<Unit filename="Biblioteca.c">
			<Option compilerVar="CC" />
		</Unit>
		<Unit filename="Biblioteca.h" />
		<Unit filename="HashingL.c">
			<Option compilerVar="CC" />
		</Unit>
		<Unit filename="HashingL.h" />
		<Unit filename="HashingP.c">
			<Option compilerVar="CC" />
		</Unit>
		<Unit filename="HashingP.h" />
		<Unit filename="ListaL.c">
			<Option compilerVar="CC" />
		</Unit>
		<Unit filename="ListaL.h" />
		<Unit filename="ListaP.c">
			<Option compilerVar="CC" />
		</Unit>
		<Unit filename="ListaP.h" />
		<Unit filename="ListaR.c">
			<Option compilerVar="CC" />
		</Unit>
		<Unit filename="ListaR.h" />
		<Unit filename="Livro.c">
			<Option compilerVar="CC" />
		</Unit>
		<Unit filename="Livro.h" />
		<Unit filename="Pessoa.c">
			<Option compilerVar="CC" />
		</Unit>
		<Unit filename="Pessoa.h" />
		<Unit filename="Requesicao.c">
			<Option compilerVar="CC" />
		</Unit>
		<Unit filename="Requesicao.h" />
		<Unit filename="Texto.c">
			<Option compilerVar="CC" />
		</Unit>
		<Unit filename="Texto.h" />
		<Unit filename="main.c">
			<Option compilerVar="CC" />
		</Unit>
		<Extensions>
			<lib_finder disable_auto="1" />
		</Extensions>
	</Project>
</CodeBlocks_project_file>
